{
  "version": "5",
  "specifiers": {
    "jsr:@b-fuze/deno-dom@0.1.48": "0.1.48",
    "jsr:@std/assert@*": "1.0.19",
    "jsr:@std/assert@1": "1.0.19",
    "jsr:@std/internal@^1.0.12": "1.0.14",
    "npm:@jsr/microspec__core@1.1.0": "1.1.0",
    "npm:@nanostores/persistent@0.10.2": "0.10.2_nanostores@0.11.4",
    "npm:@nanostores/preact@0.5.2": "0.5.2_nanostores@0.11.4_preact@10.27.1",
    "npm:d3-geo@3": "3.1.1",
    "npm:htm@3.1.1": "3.1.1",
    "npm:linkedom@0.18.5": "0.18.5",
    "npm:nanostores@0.11.4": "0.11.4",
    "npm:preact@10.27.1": "10.27.1",
    "npm:topojson-client@3": "3.1.0"
  },
  "jsr": {
    "@b-fuze/deno-dom@0.1.48": {
      "integrity": "bf5b591aef2e9e9c59adfcbb93a9ecd45bab5b7c8263625beafa5c8f1662e7da"
    },
    "@microspec/core@1.0.6": {
      "integrity": "9718c27a458fca26d70fd104c2279eaab59b99fa46bfd783e67035d09a417bd4",
      "dependencies": [
        "jsr:@b-fuze/deno-dom",
        "jsr:@std/assert@*",
        "jsr:@std/assert@1",
        "npm:@nanostores/persistent",
        "npm:@nanostores/preact",
        "npm:d3-geo",
        "npm:htm",
        "npm:linkedom",
        "npm:nanostores",
        "npm:preact",
        "npm:topojson-client"
      ]
    },
    "@microspec/core@1.0.7": {
      "integrity": "0db8d03d30b049d75ac9c9981c5e42e172f4fe3a9dd279fa6dd7d21351150cd5",
      "dependencies": [
        "npm:@nanostores/persistent",
        "npm:@nanostores/preact",
        "npm:d3-geo",
        "npm:htm",
        "npm:nanostores",
        "npm:preact",
        "npm:topojson-client"
      ]
    },
    "@microspec/core@1.0.8": {
      "integrity": "f638e4b1fde230870e416dfd2d3eae3411ee693d62bc4638441d1c9de96983da",
      "dependencies": [
        "npm:@nanostores/persistent",
        "npm:@nanostores/preact",
        "npm:d3-geo",
        "npm:htm",
        "npm:nanostores",
        "npm:preact",
        "npm:topojson-client"
      ]
    },
    "@microspec/core@1.0.9": {
      "integrity": "271623f1417c1fb722abc7dc6e0c21fbde1b578b527085d7d2a05082695941a0",
      "dependencies": [
        "npm:@nanostores/persistent",
        "npm:@nanostores/preact",
        "npm:d3-geo",
        "npm:htm",
        "npm:nanostores",
        "npm:preact",
        "npm:topojson-client"
      ]
    },
    "@microspec/core@1.1.0": {
      "integrity": "16b47e2b46b0674deece4dba1037097156888c84592c8e68d5cd33db2da33b9e",
      "dependencies": [
        "npm:@nanostores/persistent",
        "npm:@nanostores/preact",
        "npm:d3-geo",
        "npm:htm",
        "npm:nanostores",
        "npm:preact",
        "npm:topojson-client"
      ]
    },
    "@std/assert@1.0.19": {
      "integrity": "eaada96ee120cb980bc47e040f82814d786fe8162ecc53c91d8df60b8755991e",
      "dependencies": [
        "jsr:@std/internal"
      ]
    },
    "@std/internal@1.0.14": {
      "integrity": "291516b3d4c35024d6ffbc0a9df5bf4c64116e05b50012cf846710152d2ffdf7"
    }
  },
  "npm": {
    "@jsquash/png@3.0.1": {
      "integrity": "sha512-Bnvv93Y5LL92cuk2r2gpV+9JKuDo2/w7bOODw1iPxk8VARknky0sS1tSDgMosUdhNb4CdMlcCm3TMzTaqa3zZw=="
    },
    "@jsquash/webp@1.4.0": {
      "integrity": "sha512-yKJb6Hilq+qV/4C4qTDEalBobNwJO09LeHHtilmWg5mYHFUDwMunfeAap/r3cL5KsHkGOoI0IjY2nKbTaHq9Bw==",
      "dependencies": [
        "wasm-feature-detect"
      ]
    },
    "@jsr/astral__astral@0.5.6": {
      "integrity": "sha512-IIUUrmPX4iwf0kSBPKFn/Qi/UuJ4xnUlAXFz7Var35LX7O2WaMD/BH+O6LNgoIR4K3TorjTsGFrtD+0TCe8nbA==",
      "dependencies": [
        "@jsr/deno-library__progress",
        "@jsr/deno__cache-dir",
        "@jsr/std__async",
        "@jsr/std__encoding@1.0.11",
        "@jsr/std__fs@1.0.24",
        "@jsr/std__path@1.1.6",
        "@jsr/zip-js__zip-js"
      ],
      "tarball": "https://npm.jsr.io/~/11/@jsr/astral__astral/0.5.6.tgz"
    },
    "@jsr/b-fuze__deno-dom@0.1.48": {
      "integrity": "sha512-06Hrd5lkx1FUa3Pz46saZcxwHYX4ssHzcBjSulkJ2HCTNrYS/jBE6XLbFmi9oiGNBaQRAfTo9TPnCKdyJNg5iQ==",
      "dependencies": [
        "@jsr/denosaurs__plug"
      ],
      "tarball": "https://npm.jsr.io/~/11/@jsr/b-fuze__deno-dom/0.1.48.tgz"
    },
    "@jsr/deno-library__progress@1.5.1": {
      "integrity": "sha512-TvuW72cAHSV6F7Pxsp8XBbOEJKxwXswc0eMGO383ksANEYQKwq26hY3QrvaS+j8wX6hZdtJtz5ObGixdrVxz/w==",
      "dependencies": [
        "@jsr/std__fmt@1.0.3",
        "@jsr/std__io"
      ],
      "tarball": "https://npm.jsr.io/~/11/@jsr/deno-library__progress/1.5.1.tgz"
    },
    "@jsr/deno__cache-dir@0.22.2": {
      "integrity": "sha512-tALdXeVzXKScbTrWFN8SyZpuK9FddtRmSutYPKdbesBRmZYSrnWpfVvUJZN9wJG5CayDKlVM9J7bNugDr9KK2g==",
      "dependencies": [
        "@jsr/deno__graph",
        "@jsr/std__fmt@1.0.10",
        "@jsr/std__fs@1.0.24",
        "@jsr/std__io",
        "@jsr/std__path@1.1.6"
      ],
      "tarball": "https://npm.jsr.io/~/11/@jsr/deno__cache-dir/0.22.2.tgz"
    },
    "@jsr/deno__graph@0.86.9": {
      "integrity": "sha512-+qrrma5/bL+hcG20mfaEeC8SLopqoyd1RjcKFMRu++3SAXyrTKuvuIjBJCn/NyN7X+kV+QrJG67BCHX38Rzw+g==",
      "tarball": "https://npm.jsr.io/~/11/@jsr/deno__graph/0.86.9.tgz"
    },
    "@jsr/denosaurs__plug@1.0.3": {
      "integrity": "sha512-L6QH5J5RL5RRAyHdoq5azKdnSXzHIN5ZA4nChF5Xqjgk+VdzmRiJ756C04Shuq3qNRbXjK/oQ63eOeSnSCnFTw==",
      "dependencies": [
        "@jsr/std__encoding@0.213.1",
        "@jsr/std__fmt@0.213.1",
        "@jsr/std__fs@0.213.1",
        "@jsr/std__path@0.213.1"
      ],
      "tarball": "https://npm.jsr.io/~/11/@jsr/denosaurs__plug/1.0.3.tgz"
    },
    "@jsr/microspec__core@1.1.0": {
      "integrity": "sha512-SoyUJkdFpW4+hynl41EuS8cOvhuMzCIEgeRoExdNt042KYyjcMgrm0n51rwOBm6C2rLuJyESK3j+FP/7rJ0pMA==",
      "dependencies": [
        "@jsquash/png",
        "@jsquash/webp",
        "@jsr/astral__astral",
        "@jsr/b-fuze__deno-dom",
        "@jsr/std__assert@1.0.19",
        "@jsr/std__http",
        "@nanostores/persistent",
        "@nanostores/preact",
        "@resvg/resvg-wasm",
        "ajv",
        "ajv-formats",
        "d3-geo",
        "daisyui",
        "htm",
        "linkedom",
        "nanostores",
        "preact",
        "tailwindcss",
        "topojson-client"
      ],
      "tarball": "https://npm.jsr.io/~/11/@jsr/microspec__core/1.1.0.tgz"
    },
    "@jsr/std__assert@0.213.1": {
      "integrity": "sha512-mbq7QHPHeAJiJJlwmjNI0uoZlvIU2rG89df8ceeJB1pgE5b54DkiNhjQmmfBft0/fYO8/d933rBYwcNzuLxhXA==",
      "dependencies": [
        "@jsr/std__fmt@0.213.1"
      ],
      "tarball": "https://npm.jsr.io/~/11/@jsr/std__assert/0.213.1.tgz"
    },
    "@jsr/std__assert@1.0.19": {
      "integrity": "sha512-pEj6RPkGbqlgRmyKwATp4cUs6+ijxtdrv3bq8v1d2I2CEcMEyPaO8cVKro61wGRDH4cNg8Zx6haztvK/9m7gkA==",
      "dependencies": [
        "@jsr/std__internal"
      ],
      "tarball": "https://npm.jsr.io/~/11/@jsr/std__assert/1.0.19.tgz"
    },
    "@jsr/std__async@1.5.0": {
      "integrity": "sha512-I2Qekl1oQYM+dpI2RQUCKi1TBuaA7Od3LNzxcqls9s1e2ytiZyREL4403qHJ6UbLNAwbqO2ZhdWAWDUQAajyiA==",
      "dependencies": [
        "@jsr/std__data-structures"
      ],
      "tarball": "https://npm.jsr.io/~/11/@jsr/std__async/1.5.0.tgz"
    },
    "@jsr/std__bytes@1.0.6": {
      "integrity": "sha512-St6yKggjFGhxS52IFLJWvkchRFbAKg2Xh8UxA4S1EGz7GJ2Ui+ssDDldj/w2c8vCxvl6qgR0HaYbKeFJNqujmA==",
      "tarball": "https://npm.jsr.io/~/11/@jsr/std__bytes/1.0.6.tgz"
    },
    "@jsr/std__cli@1.0.32": {
      "integrity": "sha512-piaFso6urosCHGLkmy49pXXBJrW8zf1FlXXF4Zj0R2FGQdOGeoDDIfBejMzh+5W/GfJy3kbZGKqP8V2XHzZobQ==",
      "dependencies": [
        "@jsr/std__fmt@1.0.10",
        "@jsr/std__internal"
      ],
      "tarball": "https://npm.jsr.io/~/11/@jsr/std__cli/1.0.32.tgz"
    },
    "@jsr/std__data-structures@1.1.2": {
      "integrity": "sha512-YaNAaUYGr3qBnq8LJ0/FSW6tsnDBMX7hcPuGU7Zi/+aWlAJsZ4OroBNSpRIflizbOvCJCycAnXe9yLjIwDF2KA==",
      "dependencies": [
        "@jsr/std__assert@1.0.19"
      ],
      "tarball": "https://npm.jsr.io/~/11/@jsr/std__data-structures/1.1.2.tgz"
    },
    "@jsr/std__encoding@0.213.1": {
      "integrity": "sha512-VW5Kxmaaj0fLjH1DNkycEgZs8awr75mRePwrP651rTSheG1DSKZK7wtxHMXWeIpj4aFlNWXZg78MQ+yjIHFwWQ==",
      "tarball": "https://npm.jsr.io/~/11/@jsr/std__encoding/0.213.1.tgz"
    },
    "@jsr/std__encoding@1.0.11": {
      "integrity": "sha512-4SmW8WXf4x4FjkxVpxbir06QYwxw/h/2+RU5A66iKXbJC9WAYCICZkH01mcOGj8FgSitF/lSTlT585RZfo8Ukg==",
      "tarball": "https://npm.jsr.io/~/11/@jsr/std__encoding/1.0.11.tgz"
    },
    "@jsr/std__fmt@0.213.1": {
      "integrity": "sha512-dFNL7NZoEb3dH8SlV2Ze1ZBPotEyTu/g5f6oawG79oxuMCUWE2xCTE1X+W7ySmZOYyAQuptVEplPnLsYgkc9PQ==",
      "tarball": "https://npm.jsr.io/~/11/@jsr/std__fmt/0.213.1.tgz"
    },
    "@jsr/std__fmt@1.0.10": {
      "integrity": "sha512-Q2N8XDNkh/c1IKTi+sO4Vm64M5m4W0o47qTURmMX0vgHm9AJ6jL7jEQ2kw0M1T2rBZiwAY78eUbYzFyOYWaCqQ==",
      "tarball": "https://npm.jsr.io/~/11/@jsr/std__fmt/1.0.10.tgz"
    },
    "@jsr/std__fmt@1.0.3": {
      "integrity": "sha512-Nf8EywAPLhDV6k0Nbsqid3slskDji4xG2wHxyLM/ojG75NtxY3mdeFov2RVj9fsyBV+qQcoqlR/9RX5lkZJLMQ==",
      "tarball": "https://npm.jsr.io/~/11/@jsr/std__fmt/1.0.3.tgz"
    },
    "@jsr/std__fs@0.213.1": {
      "integrity": "sha512-/JK8Qva6RovZ+r5rwYOfciu7Dcfe0keHkjhUVOQuF1lRiM556uAm8fM1SP89ByMjU7CV/p46CcE5KoNVJzCQew==",
      "dependencies": [
        "@jsr/std__assert@0.213.1",
        "@jsr/std__path@0.213.1"
      ],
      "tarball": "https://npm.jsr.io/~/11/@jsr/std__fs/0.213.1.tgz"
    },
    "@jsr/std__fs@1.0.24": {
      "integrity": "sha512-UunW2Rg++9sA74NJnYMGTsMVQgoFRAwPP02wRRohL0PQBNorbyxHiyCMRaxYQCtLepTLkC4nUyMtcwrGKqTR6g==",
      "dependencies": [
        "@jsr/std__internal",
        "@jsr/std__path@1.1.6"
      ],
      "tarball": "https://npm.jsr.io/~/11/@jsr/std__fs/1.0.24.tgz"
    },
    "@jsr/std__html@1.0.7": {
      "integrity": "sha512-GtiN92YolMLr3YGtuqkejQCclff+tSYvnHhJorSjw/C9OG+ua+zwpRA/Xcsvfe+otI/dCT4PcNEub6XzBTUNsA==",
      "tarball": "https://npm.jsr.io/~/11/@jsr/std__html/1.0.7.tgz"
    },
    "@jsr/std__http@1.1.3": {
      "integrity": "sha512-PCRCj0NmitqL65rQaTSa5i/7IU+NxsPZTXfurNVePGCpNaUAbag6jmvUSScRb+eHWQoW+UcodrSUGDDplLSVpw==",
      "dependencies": [
        "@jsr/std__cli",
        "@jsr/std__encoding@1.0.11",
        "@jsr/std__fmt@1.0.10",
        "@jsr/std__fs@1.0.24",
        "@jsr/std__html",
        "@jsr/std__media-types",
        "@jsr/std__net",
        "@jsr/std__path@1.1.6",
        "@jsr/std__streams"
      ],
      "tarball": "https://npm.jsr.io/~/11/@jsr/std__http/1.1.3.tgz"
    },
    "@jsr/std__internal@1.0.14": {
      "integrity": "sha512-JT8b/t40WcR9q0GDwRZUooY7aXeXnFal8iidE/5TckdAFtvpVAsaJ71/Xgf1SfoChs41s6CZkuCYM8toaNgdvA==",
      "tarball": "https://npm.jsr.io/~/11/@jsr/std__internal/1.0.14.tgz"
    },
    "@jsr/std__io@0.225.0": {
      "integrity": "sha512-Ac4n8K+nuj9amzP6+dQoVm0NjyFtaq7zWIK/iEksYVms5xJh6x+g5WfP/Vt6VDamk/WS5KStjcyZXNZZNa18Uw==",
      "dependencies": [
        "@jsr/std__bytes"
      ],
      "tarball": "https://npm.jsr.io/~/11/@jsr/std__io/0.225.0.tgz"
    },
    "@jsr/std__media-types@1.1.0": {
      "integrity": "sha512-dHvaxHL7ENWnltgL653uo3KnKFse3ZbopZop2gqsT7yrscx7irZEClu5Cba7gMPPRk4Lg1FbriNcaBViM2RSBw==",
      "tarball": "https://npm.jsr.io/~/11/@jsr/std__media-types/1.1.0.tgz"
    },
    "@jsr/std__net@1.0.6": {
      "integrity": "sha512-mh27Fw4UMCjGSIMoOhjia5cS5fNP9M9DZYhGB7EYSZNnzf/eguFiarii/W4oDwYMmnxCMouUzhc6Y7jFuwTzcg==",
      "tarball": "https://npm.jsr.io/~/11/@jsr/std__net/1.0.6.tgz"
    },
    "@jsr/std__path@0.213.1": {
      "integrity": "sha512-9DWJ/tE+iGHtAKB3NDJ8/wg+KLjPRX0I6CmrDwpzntwO/m9Qrhe9eFZ7zYGWpsP4Vai96eNDtigK2MzDucbc4g==",
      "dependencies": [
        "@jsr/std__assert@0.213.1"
      ],
      "tarball": "https://npm.jsr.io/~/11/@jsr/std__path/0.213.1.tgz"
    },
    "@jsr/std__path@1.1.6": {
      "integrity": "sha512-H1Cmg6z8jFyIsQbVV+vZB4eOx4k6Qg8lyUM6l7nZysj5MZumg89kb0M1bsPBTGQis3fw6mJFkJELo5+AK6oCFA==",
      "dependencies": [
        "@jsr/std__internal"
      ],
      "tarball": "https://npm.jsr.io/~/11/@jsr/std__path/1.1.6.tgz"
    },
    "@jsr/std__streams@1.1.2": {
      "integrity": "sha512-TNg+Mr/vE2Wg+JDdZpVj9umEyzcmSAOtcp0ildlyVCjHy0/fJ2BJZgO8PQXA/SwJOchvKLaMafZzfFkm9PO13A==",
      "dependencies": [
        "@jsr/std__bytes"
      ],
      "tarball": "https://npm.jsr.io/~/11/@jsr/std__streams/1.1.2.tgz"
    },
    "@jsr/zip-js__zip-js@2.9.0": {
      "integrity": "sha512-OghmNYLAdKotKpyNDwHTMBEMypJW5T6CFPfySCFCpDyurAGTGJFgXJQq9znSLMxMxMLVYZSwD1gGK1ncyCs/pQ==",
      "tarball": "https://npm.jsr.io/~/11/@jsr/zip-js__zip-js/2.9.0.tgz"
    },
    "@nanostores/persistent@0.10.2_nanostores@0.11.4": {
      "integrity": "sha512-BEndnLhRC+yP7gXTESepBbSj8XNl8OXK9hu4xAgKC7MWJHKXnEqJMqY47LUyHxK6vYgFnisyHmqq+vq8AUFyIg==",
      "dependencies": [
        "nanostores"
      ]
    },
    "@nanostores/preact@0.5.2_nanostores@0.11.4_preact@10.27.1": {
      "integrity": "sha512-DZ5G0UuHTJ8NNS8I3Jd6f4RCcWIl4siYD+vaV6jQf0T6xJ3QqTSkJkYNQTZK7O+7NC/mzaLkomyLQqD+w1E0Tg==",
      "dependencies": [
        "nanostores",
        "preact"
      ]
    },
    "@resvg/resvg-wasm@2.6.2": {
      "integrity": "sha512-FqALmHI8D4o6lk/LRWDnhw95z5eO+eAa6ORjVg09YRR7BkcM6oPHU9uyC0gtQG5vpFLvgpeU4+zEAz2H8APHNw=="
    },
    "ajv-formats@3.0.1_ajv@8.20.0": {
      "integrity": "sha512-8iUql50EUR+uUcdRQ3HDqa6EVyo3docL8g5WJ3FNcWmu62IbkGUue/pEyLBW8VGKKucTPgqeks4fIU1DA4yowQ==",
      "dependencies": [
        "ajv"
      ],
      "optionalPeers": [
        "ajv"
      ]
    },
    "ajv@8.20.0": {
      "integrity": "sha512-Thbli+OlOj+iMPYFBVBfJ3OmCAnaSyNn4M1vz9T6Gka5Jt9ba/HIR56joy65tY6kx/FCF5VXNB819Y7/GUrBGA==",
      "dependencies": [
        "fast-deep-equal",
        "fast-uri",
        "json-schema-traverse",
        "require-from-string"
      ]
    },
    "boolbase@1.0.0": {
      "integrity": "sha512-JZOSA7Mo9sNGB8+UjSgzdLtokWAky1zbztM3WRLCbZ70/3cTANmQmOdR7y2g+J0e2WXywy1yS468tY+IruqEww=="
    },
    "commander@2.20.3": {
      "integrity": "sha512-GpVkmM8vF2vQUkj2LvZmD35JxeJOLCwJ9cUkugyk2nuhbv3+mJvpLYYt+0+USMxE+oj+ey/lJEnhZw75x/OMcQ=="
    },
    "css-select@5.2.2": {
      "integrity": "sha512-TizTzUddG/xYLA3NXodFM0fSbNizXjOKhqiQQwvhlspadZokn1KDy0NZFS0wuEubIYAV5/c1/lAr0TaaFXEXzw==",
      "dependencies": [
        "boolbase",
        "css-what",
        "domhandler",
        "domutils",
        "nth-check"
      ]
    },
    "css-what@6.2.2": {
      "integrity": "sha512-u/O3vwbptzhMs3L1fQE82ZSLHQQfto5gyZzwteVIEyeaY5Fc7R4dapF/BvRoSYFeqfBk4m0V1Vafq5Pjv25wvA=="
    },
    "cssom@0.5.0": {
      "integrity": "sha512-iKuQcq+NdHqlAcwUY0o/HL69XQrUaQdMjmStJ8JFmUaiiQErlhrmuigkg/CU4E2J0IyUKUrMAgl36TvN67MqTw=="
    },
    "d3-array@3.2.4": {
      "integrity": "sha512-tdQAmyA18i4J7wprpYq8ClcxZy3SC31QMeByyCFyRt7BVHdREQZ5lpzoe5mFEYZUWe+oq8HBvk9JjpibyEV4Jg==",
      "dependencies": [
        "internmap"
      ]
    },
    "d3-geo@3.1.1": {
      "integrity": "sha512-637ln3gXKXOwhalDzinUgY83KzNWZRKbYubaG+fGVuc/dxO64RRljtCTnf5ecMyE1RIdtqpkVcq0IbtU2S8j2Q==",
      "dependencies": [
        "d3-array"
      ]
    },
    "daisyui@5.7.25": {
      "integrity": "sha512-lE5kR8FjHxUHiCb3/PAPuaNkv0MSm6B8GWd5x/l7SLDsH58IxYCiPG8wrcRgdZCI5q8jxpeA2Utx6O6X/kpLnw=="
    },
    "dom-serializer@2.0.0": {
      "integrity": "sha512-wIkAryiqt/nV5EQKqQpo3SToSOV9J0DnbJqwK7Wv/Trc92zIAYZ4FlMu+JPFW1DfGFt81ZTCGgDEabffXeLyJg==",
      "dependencies": [
        "domelementtype",
        "domhandler",
        "entities"
      ]
    },
    "domelementtype@2.3.0": {
      "integrity": "sha512-OLETBj6w0OsagBwdXnPdN0cnMfF9opN69co+7ZrbfPGrdpPVNBUj02spi6B1N7wChLQiPn4CSH/zJvXw56gmHw=="
    },
    "domhandler@5.0.3": {
      "integrity": "sha512-cgwlv/1iFQiFnU96XXgROh8xTeetsnJiDsTc7TYCLFd9+/WNkIqPTxiM/8pSd8VIrhXGTf1Ny1q1hquVqDJB5w==",
      "dependencies": [
        "domelementtype"
      ]
    },
    "domutils@3.2.2": {
      "integrity": "sha512-6kZKyUajlDuqlHKVX1w7gyslj9MPIXzIFiz/rGu35uC1wMi+kMhQwGhl4lt9unC9Vb9INnY9Z3/ZA3+FhASLaw==",
      "dependencies": [
        "dom-serializer",
        "domelementtype",
        "domhandler"
      ]
    },
    "entities@4.5.0": {
      "integrity": "sha512-V0hjH4dGPh9Ao5p0MoRY6BVqtwCjhz6vI5LT8AJ55H+4g9/4vbHx1I54fS0XuclLhDHArPQCiMjDxjaL8fPxhw=="
    },
    "fast-deep-equal@3.1.3": {
      "integrity": "sha512-f3qQ9oQy9j2AhBe/H9VC91wLmKBCCU/gDOnKNAYG5hswO7BLKj09Hc5HYNz9cGI++xlpDCIgDaitVs03ATR84Q=="
    },
    "fast-uri@3.1.6": {
      "integrity": "sha512-7Ical1vFEMr0onbVzEDIreM22I4khW+fzyQPwvAFWBp1iwdshSZRsL4jjRvPG9JP1uiqMHRto+YU6R2/CzDz5Q=="
    },
    "htm@3.1.1": {
      "integrity": "sha512-983Vyg8NwUE7JkZ6NmOqpCZ+sh1bKv2iYTlUkzlWmA5JD2acKoxd4KVxbMmxX/85mtfdnDmTFoNKcg5DGAvxNQ=="
    },
    "html-escaper@3.0.3": {
      "integrity": "sha512-RuMffC89BOWQoY0WKGpIhn5gX3iI54O6nRA0yC124NYVtzjmFWBIiFd8M0x+ZdX0P9R4lADg1mgP8C7PxGOWuQ=="
    },
    "htmlparser2@9.1.0": {
      "integrity": "sha512-5zfg6mHUoaer/97TxnGpxmbR7zJtPwIYFMZ/H5ucTlPZhKvtum05yiPK3Mgai3a0DyVxv7qYqoweaEd2nrYQzQ==",
      "dependencies": [
        "domelementtype",
        "domhandler",
        "domutils",
        "entities"
      ]
    },
    "internmap@2.0.3": {
      "integrity": "sha512-5Hh7Y1wQbvY5ooGgPbDaL5iYLAPzMTUrjMulskHLH6wnv/A+1q5rgEaiuqEjB+oxGXIVZs1FF+R/KPN3ZSQYYg=="
    },
    "json-schema-traverse@1.0.0": {
      "integrity": "sha512-NM8/P9n3XjXhIZn1lLhkFaACTOURQXjWhV4BA/RnOv8xvgqtqpAX9IO4mRQxSx1Rlo4tqzeqb0sOlruaOy3dug=="
    },
    "linkedom@0.18.5": {
      "integrity": "sha512-JGLaGGtqtu+eOhYrC1wkWYTBcpVWL4AsnwAtMtgO1Q0gI0PuPJKI0zBBE+a/1BrhOE3Uw8JI/ycByAv5cLrAuQ==",
      "dependencies": [
        "css-select",
        "cssom",
        "html-escaper",
        "htmlparser2",
        "uhyphen"
      ]
    },
    "nanostores@0.11.4": {
      "integrity": "sha512-k1oiVNN4hDK8NcNERSZLQiMfRzEGtfnvZvdBvey3SQbgn8Dcrk0h1I6vpxApjb10PFUflZrgJ2WEZyJQ+5v7YQ=="
    },
    "nth-check@2.1.1": {
      "integrity": "sha512-lqjrjmaOoAnWfMmBPL+XNnynZh2+swxiX3WUE0s4yEHI6m+AwrK2UZOimIRl3X/4QctVqS8AiZjFqyOGrMXb/w==",
      "dependencies": [
        "boolbase"
      ]
    },
    "preact@10.27.1": {
      "integrity": "sha512-V79raXEWch/rbqoNc7nT9E4ep7lu+mI3+sBmfRD4i1M73R3WLYcCtdI0ibxGVf4eQL8ZIz2nFacqEC+rmnOORQ=="
    },
    "require-from-string@2.0.2": {
      "integrity": "sha512-Xf0nWe6RseziFMu+Ap9biiUbmplq6S9/p+7w7YXP/JBHhrUDDUhwa+vANyubuqfZWTveU//DYVGsDG7RKL/vEw=="
    },
    "tailwindcss@4.3.3": {
      "integrity": "sha512-gOhV3P7ufE62QDGg1zVaTgCR+EtPv92k2nIhVcVKcLmxT1sUBsQGhnZj175j+MqRt4zLF7ic+sCYjfhxMxj7YQ=="
    },
    "topojson-client@3.1.0": {
      "integrity": "sha512-605uxS6bcYxGXw9qi62XyrV6Q3xwbndjachmNxu8HWTtVPxZfEJN9fd/SZS1Q54Sn2y0TMyMxFj/cJINqGHrKw==",
      "dependencies": [
        "commander"
      ],
      "bin": true
    },
    "uhyphen@0.2.0": {
      "integrity": "sha512-qz3o9CHXmJJPGBdqzab7qAYuW8kQGKNEuoHFYrBwV6hWIMcpAmxDLXojcHfFr9US1Pe6zUswEIJIbLI610fuqA=="
    },
    "wasm-feature-detect@1.9.0": {
      "integrity": "sha512-zonE+xlIIYtxPy++L24ow0hAD8CICb4+FgPyROd3buyXIqsJvUEDkBgfCCoXOd1Hu3DUr0GOfnPIdcGV+YpNaA=="
    }
  },
  "redirects": {
    "https://esm.sh/astronomy-engine@2": "https://esm.sh/astronomy-engine@2.1.19",
    "https://esm.sh/d3-array@^3.2.4?target=denonext": "https://esm.sh/d3-array@3.2.4?target=denonext",
    "https://esm.sh/d3-geo@3": "https://esm.sh/d3-geo@3.1.1",
    "https://esm.sh/internmap@^2.0.3?target=denonext": "https://esm.sh/internmap@2.0.3?target=denonext",
    "https://esm.sh/topojson-client@3": "https://esm.sh/topojson-client@3.1.0"
  },
  "remote": {
    "https://esm.sh/@nanostores/persistent@0.10.2/X-ZW5hbm9zdG9yZXM/denonext/persistent.mjs": "4755f1857c16d69f678729535a440aaba8ea17217b4b822c28ac51a38bd0dbdb",
    "https://esm.sh/@nanostores/persistent@0.10.2?external=nanostores": "d9cb444852f3ea8016242dffaf86afc4985dc802c1e0b85afd45fd31dc454496",
    "https://esm.sh/@nanostores/preact@0.5.2/X-ZW5hbm9zdG9yZXMscHJlYWN0/denonext/preact.mjs": "712efdcec54dcda04b6ed9bd23bc42be49bc599572a3ce60a5d1818662dccbb1",
    "https://esm.sh/@nanostores/preact@0.5.2?external=preact,nanostores": "5de7ccdc3780d9409ca77b2165e16fede03b73fc92fb8b1e1f65756df2fe5117",
    "https://esm.sh/astronomy-engine@2.1.19": "0845bc2bcf5ec83f9b7cc75f70f91ec2c528e2cffeed8ae937532c28e619a714",
    "https://esm.sh/astronomy-engine@2.1.19/denonext/astronomy-engine.mjs": "5fb0e08d37f541a104b440744a2bffcc7943b5e95db15b0c780ee0a03b11dfcd",
    "https://esm.sh/d3-array@3.2.4/denonext/d3-array.mjs": "a8659e76cce11138f6be2fb8636a1f74d8cfa7831605967b6970238b80d04d8b",
    "https://esm.sh/d3-array@3.2.4?target=denonext": "4266074d204ab57fcfbe3b73d6259dd41e56d864ca72d20b13e159414fe8c5f5",
    "https://esm.sh/d3-geo@3.1.1": "67851d96be856de5fc4629f04304599d0632e5f9eaaa04501a70c01c58e59828",
    "https://esm.sh/d3-geo@3.1.1/denonext/d3-geo.mjs": "c98c715c798ead807108505d44119407cc2c574bd9fd94c1d7594d4dfe1972d5",
    "https://esm.sh/htm@3.1.1/X-ZXByZWFjdA/denonext/htm.mjs": "6c0d0967b9cc95f4f7db768425d3992757d814f95b0a7fc963a904b25bd7b873",
    "https://esm.sh/htm@3.1.1/X-ZXByZWFjdA/denonext/preact.mjs": "05ceb25f6cbf57496f56c4faf790f844682baf834574ccce091f5ab439690ed6",
    "https://esm.sh/htm@3.1.1/preact?external=preact": "09c74748bf2d7739e4ab1e9367c6e79a642b25e134c42e28dcaac0c41016e4df",
    "https://esm.sh/internmap@2.0.3/denonext/internmap.mjs": "09707265c3a24383ca1b71aa6d97ab980e91ad4e804f55dec34de6d24a9900b4",
    "https://esm.sh/internmap@2.0.3?target=denonext": "235fe2491d38df4060d092e8b8e882891b7bcb595435dcf9f52d7d38b6d2c534",
    "https://esm.sh/lodash-es@4.17.21": "1252ccd86311d14f2dd05282cf3e40e1ff76bfa79c71ca49b903e902129944cb",
    "https://esm.sh/lodash-es@4.17.21/denonext/lodash-es.mjs": "6f7d7db2f829218b6a787d9652b7e90333a1b89e5eb3a8b4c4b9eb6de3b062ec",
    "https://esm.sh/motion@11.18.2": "70cf7abfc1e78194026247e40906350a6878815da52fdab9cc6a06e394fa0bc4",
    "https://esm.sh/motion@11.18.2/denonext/dist/es/framer-motion/dist/es/animation/animate/index.mjs": "7f09eb468da93ba7366bf128dd8a9b742bf1a732617a0664774c629218c089cf",
    "https://esm.sh/motion@11.18.2/denonext/dist/es/framer-motion/dist/es/animation/animate/resolve-subjects.mjs": "0aedc7a0ad945dffce906a87c046e214abfda8f3a575f246f40c16765837c67e",
    "https://esm.sh/motion@11.18.2/denonext/dist/es/framer-motion/dist/es/animation/animate/single-value.mjs": "3e2159c6d035ed568779cabd5a081c25ae117aeb32927c5764f2c82d90f748a4",
    "https://esm.sh/motion@11.18.2/denonext/dist/es/framer-motion/dist/es/animation/animators/AcceleratedAnimation.mjs": "d5d49ca48af314dcbbf54b65f8b6aa47237bb1cd411b26c4fdbc78402cc9fc40",
    "https://esm.sh/motion@11.18.2/denonext/dist/es/framer-motion/dist/es/animation/animators/BaseAnimation.mjs": "d316f54353eab3f4eb2720d3611638fee22e20154582aa6c300be0aa666a8147",
    "https://esm.sh/motion@11.18.2/denonext/dist/es/framer-motion/dist/es/animation/animators/MainThreadAnimation.mjs": "e832ecc9d48051dc0a51deebba8cd381b84b44e0ec7ab476471b542a2ec0178e",
    "https://esm.sh/motion@11.18.2/denonext/dist/es/framer-motion/dist/es/animation/animators/utils/accelerated-values.mjs": "40507f149c9954df4fde4949bc4a55523b653be2bd94c4ef806ee7c140d79bcf",
    "https://esm.sh/motion@11.18.2/denonext/dist/es/framer-motion/dist/es/animation/animators/waapi/animate-elements.mjs": "af8b9c14c2d1b6228890e5335bedc925525f7d989b14c044ea994fac1c7ffaca",
    "https://esm.sh/motion@11.18.2/denonext/dist/es/framer-motion/dist/es/animation/animators/waapi/animate-style.mjs": "fb34ec13695a3a7b4b306f7179e54ef41a52d0a436a850fc3e22cd930c35b01e",
    "https://esm.sh/motion@11.18.2/denonext/dist/es/framer-motion/dist/es/animation/animators/waapi/index.mjs": "5723fe018a62a40c666c9d9041c080c60f0eea9c83560204b80674e983d45ba1",
    "https://esm.sh/motion@11.18.2/denonext/dist/es/framer-motion/dist/es/animation/animators/waapi/utils/get-final-keyframe.mjs": "205c8b721a1721052efab4715dfcd70d584c68993a6fe9c9293d674ed5ee3c1a",
    "https://esm.sh/motion@11.18.2/denonext/dist/es/framer-motion/dist/es/animation/animators/waapi/utils/supports-waapi.mjs": "90b20afbd0f50c76543344d0ed8d3bf173b8fbec887f692124b66040538f3c34",
    "https://esm.sh/motion@11.18.2/denonext/dist/es/framer-motion/dist/es/animation/generators/inertia.mjs": "b58523e45c3284b4e872d42b9b0981e2fec1f4e2d50883fbbdce22f8ae367d43",
    "https://esm.sh/motion@11.18.2/denonext/dist/es/framer-motion/dist/es/animation/generators/keyframes.mjs": "ae600bfdf155193e48e63cff904ff7bbafbacff68e014e5d760f3e07ddae75cb",
    "https://esm.sh/motion@11.18.2/denonext/dist/es/framer-motion/dist/es/animation/generators/spring/defaults.mjs": "a0eb0d35a2ed182f4393473be5d69c21ba839d71cb8b2e14ef674ef68ddad608",
    "https://esm.sh/motion@11.18.2/denonext/dist/es/framer-motion/dist/es/animation/generators/spring/find.mjs": "e759bc69c8022a2bcab0da78e420fd9b6cc4d13ceb7f146f02b5425414ccb4ee",
    "https://esm.sh/motion@11.18.2/denonext/dist/es/framer-motion/dist/es/animation/generators/spring/index.mjs": "ab5bcda4032fd6d4c705d9d57f44f42dadecb813f5a4158e385461d7003f593d",
    "https://esm.sh/motion@11.18.2/denonext/dist/es/framer-motion/dist/es/animation/generators/utils/velocity.mjs": "e8ef89ddb7660017ce5456d9d48a41fc640b8e7fd9c7ba2305420ae788997a51",
    "https://esm.sh/motion@11.18.2/denonext/dist/es/framer-motion/dist/es/animation/interfaces/motion-value.mjs": "4c012d15a1fcdcd6ce5cf3b1ee2e9914dbd7b7fd1bc98ede0556e57323a07bbd",
    "https://esm.sh/motion@11.18.2/denonext/dist/es/framer-motion/dist/es/animation/interfaces/visual-element-target.mjs": "1060a3649a004517f128202ddd2a2d0b0ea2d45837959466588b7957258434ff",
    "https://esm.sh/motion@11.18.2/denonext/dist/es/framer-motion/dist/es/animation/optimized-appear/data-id.mjs": "bfe19fe07b1983ac1d8c50184c165903fa8cd0776e81ce09dca02db4a2d2c4a8",
    "https://esm.sh/motion@11.18.2/denonext/dist/es/framer-motion/dist/es/animation/optimized-appear/get-appear-id.mjs": "e4971e80671ad301375550613fcce47af6f713f1709cd6cb0377eca76d3a13b3",
    "https://esm.sh/motion@11.18.2/denonext/dist/es/framer-motion/dist/es/animation/sequence/create.mjs": "d4f0f92dfd237109b12636f1c88d5223996f0e4f06b7e5963782024d58120d97",
    "https://esm.sh/motion@11.18.2/denonext/dist/es/framer-motion/dist/es/animation/utils/is-animation-controls.mjs": "dfe8873f1c11d63f5e1e834e3da670df362f26eab3cd3ebff97f45db3ed16a94",
    "https://esm.sh/motion@11.18.2/denonext/dist/es/framer-motion/dist/es/animation/utils/is-dom-keyframes.mjs": "9b5570ca14bc2e27cf19f46359f56f511536444811e6cb86390c90c6a54fbd24",
    "https://esm.sh/motion@11.18.2/denonext/dist/es/framer-motion/dist/es/animation/utils/is-keyframes-target.mjs": "6854989125b2793ee39ff9b55389a65e5c5409919a1a83768960b3470951db4a",
    "https://esm.sh/motion@11.18.2/denonext/dist/es/framer-motion/dist/es/animation/utils/stagger.mjs": "8cfeaea6766d2791c14db461ae74dad2bde4a82f7c855e04f709a0122aacd9d4",
    "https://esm.sh/motion@11.18.2/denonext/dist/es/framer-motion/dist/es/easing/anticipate.mjs": "72aa883a79c683d1165a0e0ad948cac2ea91c50a80c6ed87f125f19ab03984a1",
    "https://esm.sh/motion@11.18.2/denonext/dist/es/framer-motion/dist/es/easing/back.mjs": "a4f88486d6cef4531183d2cd1a86777748b3ce4bed7414de1cfc92617acf3c8c",
    "https://esm.sh/motion@11.18.2/denonext/dist/es/framer-motion/dist/es/easing/circ.mjs": "ddd3f19299ccc2a16404a655142c2d890a234aea8b6ffeadd53c4f6a2ab21324",
    "https://esm.sh/motion@11.18.2/denonext/dist/es/framer-motion/dist/es/easing/cubic-bezier.mjs": "558f947a8cd93fb91cde0ae95b0aa2de6facc86930252083dec45c689e91df97",
    "https://esm.sh/motion@11.18.2/denonext/dist/es/framer-motion/dist/es/easing/ease.mjs": "b05ce00e46245878e87a292f85d9e049c38b9deaf58142617dc2e8e38c41e17d",
    "https://esm.sh/motion@11.18.2/denonext/dist/es/framer-motion/dist/es/easing/modifiers/mirror.mjs": "cca9a8eecac70ff23117a6b29aa879de51515fa5db7b77106c64f7ef77005bd8",
    "https://esm.sh/motion@11.18.2/denonext/dist/es/framer-motion/dist/es/easing/modifiers/reverse.mjs": "e1f6e85cda6cc50d35aafcc5a946967d6018d1a402958bcbdce408cbe9addb65",
    "https://esm.sh/motion@11.18.2/denonext/dist/es/framer-motion/dist/es/easing/steps.mjs": "9c450da141ca41fff72112cba86833420c62fa93741b8de4f6cc5eadb1b29da2",
    "https://esm.sh/motion@11.18.2/denonext/dist/es/framer-motion/dist/es/easing/utils/is-easing-array.mjs": "733f95a90be0829edcd94d8ec6cd3e825f8f8768b26c936169da5e8abc83da38",
    "https://esm.sh/motion@11.18.2/denonext/dist/es/framer-motion/dist/es/easing/utils/map.mjs": "6170cec6f230feabdb92bafadc372d92146e1db7a75b44238cf45db042057f63",
    "https://esm.sh/motion@11.18.2/denonext/dist/es/framer-motion/dist/es/frameloop/batcher.mjs": "e0af6b4010e05384a30150a12a2439488d040de0b14aab1de226932760a77a32",
    "https://esm.sh/motion@11.18.2/denonext/dist/es/framer-motion/dist/es/frameloop/frame.mjs": "9051846941b680c676819dc3d3bf9d97d452109c42c466a2483818a481213d93",
    "https://esm.sh/motion@11.18.2/denonext/dist/es/framer-motion/dist/es/frameloop/index-legacy.mjs": "e8001477412107d986914402e203bf02e90e37d3c229e8b9d2d831d1598af1d3",
    "https://esm.sh/motion@11.18.2/denonext/dist/es/framer-motion/dist/es/frameloop/sync-time.mjs": "908260f11c18adb0c9f13e8e4fe3d7643882dbd3660e8cd1df4a98b23bbecc07",
    "https://esm.sh/motion@11.18.2/denonext/dist/es/framer-motion/dist/es/motion/features/definitions.mjs": "d556c48bdf2ca1c348895ed4d4a50c2f73aa6eb15a881d5691854dec743e568b",
    "https://esm.sh/motion@11.18.2/denonext/dist/es/framer-motion/dist/es/motion/utils/is-forced-motion-value.mjs": "660539a1d599dd75622c43f8f7e533ed56075f3d043fbe353b8f23a584f22fe7",
    "https://esm.sh/motion@11.18.2/denonext/dist/es/framer-motion/dist/es/projection/geometry/conversion.mjs": "5bd106b56acb8d34da75bd125aecb873c0df2acc65242d1cc3f97f4e0a7312e5",
    "https://esm.sh/motion@11.18.2/denonext/dist/es/framer-motion/dist/es/projection/geometry/delta-apply.mjs": "dc4a896edb551c6a43e9069c1022f9e9dd4baf7ab52723ce9f9b7592a111b042",
    "https://esm.sh/motion@11.18.2/denonext/dist/es/framer-motion/dist/es/projection/geometry/models.mjs": "d1476aeae86c1002a99b6f5429f7ca096576b264762f6c57acc83f5cf88dfb7c",
    "https://esm.sh/motion@11.18.2/denonext/dist/es/framer-motion/dist/es/projection/styles/scale-correction.mjs": "58fbe7bef8945715bfcbeee5e6440d02f5491a6b609c02146fadc37b15b946cb",
    "https://esm.sh/motion@11.18.2/denonext/dist/es/framer-motion/dist/es/projection/utils/has-transform.mjs": "21be98beecc08d43b2c128242e2a8000afaf737363601bf2f98ac755999a660b",
    "https://esm.sh/motion@11.18.2/denonext/dist/es/framer-motion/dist/es/projection/utils/measure.mjs": "1a39907b432f9632f5da3161a88810bf572372840606fb2379cf53bacc673c3e",
    "https://esm.sh/motion@11.18.2/denonext/dist/es/framer-motion/dist/es/render/VisualElement.mjs": "f52593837c76cf712579e60b6630dadc7738f435832d01e9aec2b74f2925e85e",
    "https://esm.sh/motion@11.18.2/denonext/dist/es/framer-motion/dist/es/render/dom/DOMKeyframesResolver.mjs": "31336d94812e20c3d8789c9832a14339c5aaff3cf3ed8fc316c7134018b9378e",
    "https://esm.sh/motion@11.18.2/denonext/dist/es/framer-motion/dist/es/render/dom/DOMVisualElement.mjs": "0e91f264415f8cc2281fed7c81c1c5d1280be441460a522f693f641f4bfb9a1a",
    "https://esm.sh/motion@11.18.2/denonext/dist/es/framer-motion/dist/es/render/dom/scroll/index.mjs": "7bc82ce77e94fd1c302e82a481ea6907420a4f41e32b7a7c8b8686cc847ef7f9",
    "https://esm.sh/motion@11.18.2/denonext/dist/es/framer-motion/dist/es/render/dom/scroll/track.mjs": "71898513f6006d42edb35ec88038f8ed2fe90850849dd028928eddde97e76e08",
    "https://esm.sh/motion@11.18.2/denonext/dist/es/framer-motion/dist/es/render/dom/utils/camel-to-dash.mjs": "935141371d00c7c90147563f1ffe4550632fc93a745492580e6646907169f928",
    "https://esm.sh/motion@11.18.2/denonext/dist/es/framer-motion/dist/es/render/dom/utils/is-css-variable.mjs": "fa2897bd93e67ae382015e7c44bf0cde1c76e605b0566dd2fc5f83becb941e8c",
    "https://esm.sh/motion@11.18.2/denonext/dist/es/framer-motion/dist/es/render/dom/utils/is-svg-element.mjs": "bd22290de6563aa102d55e1e6951bdc2034befa2cea1f3cf9fb73d0c444f389b",
    "https://esm.sh/motion@11.18.2/denonext/dist/es/framer-motion/dist/es/render/dom/utils/unit-conversion.mjs": "c8f8d741e28f741f5809aafeee387d433f23d31bfd40e9d15a711ab3d8abe503",
    "https://esm.sh/motion@11.18.2/denonext/dist/es/framer-motion/dist/es/render/dom/value-types/animatable-none.mjs": "0027701e4eec84abbce7c717f31f6a7b3d5ccb045102f97eca1caab0cbe08f5b",
    "https://esm.sh/motion@11.18.2/denonext/dist/es/framer-motion/dist/es/render/dom/value-types/defaults.mjs": "697e1896f64313cefe4e6b9c3fe42e3342efa6646decdc596c0e8dac4ed58de5",
    "https://esm.sh/motion@11.18.2/denonext/dist/es/framer-motion/dist/es/render/dom/value-types/dimensions.mjs": "2f5adbd6839f39a6a79e1fe58d37a3fc95519c957f4c016b5a702828ed0257a0",
    "https://esm.sh/motion@11.18.2/denonext/dist/es/framer-motion/dist/es/render/dom/value-types/get-as-type.mjs": "b51ea29a418275a5b470e4500f7699afba6b4829560a18d194719bb472587d86",
    "https://esm.sh/motion@11.18.2/denonext/dist/es/framer-motion/dist/es/render/dom/value-types/number-browser.mjs": "915bfba95723beaab560994dd6027273a5accc4891af76a26eeb3377b4fec59b",
    "https://esm.sh/motion@11.18.2/denonext/dist/es/framer-motion/dist/es/render/dom/value-types/number.mjs": "9ae4d5d30ff25ae673334e7d7c674750c7a773f31824791e35e23f1489b4b85f",
    "https://esm.sh/motion@11.18.2/denonext/dist/es/framer-motion/dist/es/render/dom/value-types/test.mjs": "8b0dfe3d4a52c3fac7dbecb88e3ff984b13ac683b1f2df9365cd2a81aa2bbcb6",
    "https://esm.sh/motion@11.18.2/denonext/dist/es/framer-motion/dist/es/render/dom/viewport/index.mjs": "94c360e2c2d6cb001940689ef51aad5246e7c3dd4f94022c01876829b6d98c6e",
    "https://esm.sh/motion@11.18.2/denonext/dist/es/framer-motion/dist/es/render/html/HTMLVisualElement.mjs": "a4de8e796bc96442242887da6da4d7ffac4b7db7488421d1e80d50dd4a121121",
    "https://esm.sh/motion@11.18.2/denonext/dist/es/framer-motion/dist/es/render/html/utils/build-styles.mjs": "1eb578465f9817e6fa812d02c744458ae78143a46ec9cc048c05777b0026e61c",
    "https://esm.sh/motion@11.18.2/denonext/dist/es/framer-motion/dist/es/render/html/utils/build-transform.mjs": "656fb9eb93015af01b2101b72c2652188074f925478b708035d507c0655334cb",
    "https://esm.sh/motion@11.18.2/denonext/dist/es/framer-motion/dist/es/render/html/utils/keys-position.mjs": "9a1f0ac5df2298443c792a71da0028fb166481fba7bd75b76dd290d902a87f33",
    "https://esm.sh/motion@11.18.2/denonext/dist/es/framer-motion/dist/es/render/html/utils/keys-transform.mjs": "3735a244134ea4094dd8dc20bafb3d8c597a33e72aa617c453e45ed3a1627de3",
    "https://esm.sh/motion@11.18.2/denonext/dist/es/framer-motion/dist/es/render/html/utils/render.mjs": "8371989ca0fcae6e4ee8b7d269c499a92a22b98d6aa2a772c91e5237f7cd5ed1",
    "https://esm.sh/motion@11.18.2/denonext/dist/es/framer-motion/dist/es/render/html/utils/scrape-motion-values.mjs": "53ffce3d9ef2906fcb8b9483f8e1fdaee869fc5da74b3da29005bb1b213405db",
    "https://esm.sh/motion@11.18.2/denonext/dist/es/framer-motion/dist/es/render/store.mjs": "7ac2d99719c92269db486e6d8dd15c8b1558e762e16f0c17665106922c24bd37",
    "https://esm.sh/motion@11.18.2/denonext/dist/es/framer-motion/dist/es/render/svg/SVGVisualElement.mjs": "aded52b2f1e778d46f11b2e96dff21b2322abb35c28d47163b9ad1e381ab35f3",
    "https://esm.sh/motion@11.18.2/denonext/dist/es/framer-motion/dist/es/render/svg/utils/build-attrs.mjs": "0dab886c4f4f2c54d60c8f535f53a53ad8fb181157d2af46950d7d0585ae745c",
    "https://esm.sh/motion@11.18.2/denonext/dist/es/framer-motion/dist/es/render/svg/utils/camel-case-attrs.mjs": "9a59a3fcd7c74a4495ddfbf4a52d27f3fe2f5e45df938cad5f1fa87cc2bfc5ea",
    "https://esm.sh/motion@11.18.2/denonext/dist/es/framer-motion/dist/es/render/svg/utils/is-svg-tag.mjs": "7b164ac53e251fe4cc7212075542ea7c0554b4230c0e67194a9f6b2f541d0ebb",
    "https://esm.sh/motion@11.18.2/denonext/dist/es/framer-motion/dist/es/render/svg/utils/render.mjs": "0e84f906821189d64739a3f4c6ddeee785c2af8f5e2c3944e7c6496674ba9355",
    "https://esm.sh/motion@11.18.2/denonext/dist/es/framer-motion/dist/es/render/svg/utils/scrape-motion-values.mjs": "dba5a5863534695eb5a08c694b3ed8b6c501c7b2d992121ceaed526bbdd4887f",
    "https://esm.sh/motion@11.18.2/denonext/dist/es/framer-motion/dist/es/render/utils/KeyframesResolver.mjs": "fc25282d5dbd4faa50f27477c53a1abf774b93905e9a29ad4f3f7f4f35517504",
    "https://esm.sh/motion@11.18.2/denonext/dist/es/framer-motion/dist/es/render/utils/is-controlling-variants.mjs": "bdffa97967b3eed35e2b684567166c837c4e175c40c52aa20feafc1fe305e209",
    "https://esm.sh/motion@11.18.2/denonext/dist/es/framer-motion/dist/es/render/utils/is-variant-label.mjs": "05fede67288ed192d283ebcd779076408f8e02a0a08e1ec6881d8779d777e0aa",
    "https://esm.sh/motion@11.18.2/denonext/dist/es/framer-motion/dist/es/render/utils/resolve-dynamic-variants.mjs": "193220b6913bbfaf78a635f5dd85296cdc1b9f34d96f09076126a0afc18b9edb",
    "https://esm.sh/motion@11.18.2/denonext/dist/es/framer-motion/dist/es/render/utils/resolve-variants.mjs": "95b11d54d3b14908cc991f5f945c9468b00949fc677c3c305dc827a006f8fb40",
    "https://esm.sh/motion@11.18.2/denonext/dist/es/framer-motion/dist/es/render/utils/setters.mjs": "1ce36ff7de62041292084a6d168814477684f45d8d9ae64ed395303983a29c82",
    "https://esm.sh/motion@11.18.2/denonext/dist/es/framer-motion/dist/es/render/utils/variant-props.mjs": "43a88fc5a6a52d1ed02f5c51cfc7beff3bf0d9fda217a976ae70bb67d8ce5ffc",
    "https://esm.sh/motion@11.18.2/denonext/dist/es/framer-motion/dist/es/utils/GlobalConfig.mjs": "1e3431295b88b0f2b97db3b96d269fb3cc442fb583cf5d0cc8c00f1d28664dba",
    "https://esm.sh/motion@11.18.2/denonext/dist/es/framer-motion/dist/es/utils/array.mjs": "2e74472cc3814fb895cfadd7c3c09d8dfb0945618e3d0c55961b1af141721ec9",
    "https://esm.sh/motion@11.18.2/denonext/dist/es/framer-motion/dist/es/utils/clamp.mjs": "e962423c66b5a405729caa1a4ffb67c711465179e913ab61f26cd9d5eac54e1a",
    "https://esm.sh/motion@11.18.2/denonext/dist/es/framer-motion/dist/es/utils/delay.mjs": "079bc95ad6976562977513e4902d6df4510381521d2863ef05390277424eb64f",
    "https://esm.sh/motion@11.18.2/denonext/dist/es/framer-motion/dist/es/utils/distance.mjs": "8607d1486442fe0ebba1efda6447750599d4200ce361d057c33e762b6e33f030",
    "https://esm.sh/motion@11.18.2/denonext/dist/es/framer-motion/dist/es/utils/interpolate.mjs": "cfc553e05bd888eceea65a233b0c75809c81816234f81f7d44178d06e777aacf",
    "https://esm.sh/motion@11.18.2/denonext/dist/es/framer-motion/dist/es/utils/is-browser.mjs": "ee47cf4a82e2ef60f2928a8adb835b9d70b46b8d33da8731f1127a0f65ed2ea6",
    "https://esm.sh/motion@11.18.2/denonext/dist/es/framer-motion/dist/es/utils/is-numerical-string.mjs": "e2534ef38eb71e16a1314a3786a15bf7bd7c90464645b64d2a96851d93584ff3",
    "https://esm.sh/motion@11.18.2/denonext/dist/es/framer-motion/dist/es/utils/is-zero-value-string.mjs": "da9597b0c68c1ac2e86e0c92b21512bd8551a6320ca5a8b652a20545fb19f672",
    "https://esm.sh/motion@11.18.2/denonext/dist/es/framer-motion/dist/es/utils/mix/index.mjs": "949f920ff2663851a7aa5f1b9e1ff6e5c60a57946831464f92d58556c7d77370",
    "https://esm.sh/motion@11.18.2/denonext/dist/es/framer-motion/dist/es/utils/mix/number.mjs": "0eaa72c80b8dd4378ad85b7fb9cc13d12d2700778bbeb71699791b18b4d359ef",
    "https://esm.sh/motion@11.18.2/denonext/dist/es/framer-motion/dist/es/utils/offsets/default.mjs": "d2add537f7e2b27c2d364a77ab7acf5bdc19166337f846d536a67160e5644525",
    "https://esm.sh/motion@11.18.2/denonext/dist/es/framer-motion/dist/es/utils/offsets/fill.mjs": "7642a2d9d08ba4cafb9666be13b233575ee24c9ab9c9a964b44966f6089ecb2f",
    "https://esm.sh/motion@11.18.2/denonext/dist/es/framer-motion/dist/es/utils/pipe.mjs": "305e2fa44b593bf81841fe33479e8bd87b198db934228845a63212e69fc435c3",
    "https://esm.sh/motion@11.18.2/denonext/dist/es/framer-motion/dist/es/utils/reduced-motion/index.mjs": "d68593f8928f82248a1259da32f535d0b6bc7d3d5cb9a4b06bca2f3d093a9ba1",
    "https://esm.sh/motion@11.18.2/denonext/dist/es/framer-motion/dist/es/utils/reduced-motion/state.mjs": "d33fbf0200381f376c26fe14adbc2c86ea2a529552913b2a2375245c69478364",
    "https://esm.sh/motion@11.18.2/denonext/dist/es/framer-motion/dist/es/utils/resolve-value.mjs": "bf5b484c78b0589d6fd3c0fa506ad5fc4804582725b75691c11f760d732e725a",
    "https://esm.sh/motion@11.18.2/denonext/dist/es/framer-motion/dist/es/utils/subscription-manager.mjs": "41937ec2d47bc9e31f7594c32484307cd93b032b2b211be948493344e2c38332",
    "https://esm.sh/motion@11.18.2/denonext/dist/es/framer-motion/dist/es/utils/transform.mjs": "494a5e3c61519f8595c38fac07480de1338c9b674a00875616c4168a7e110cc9",
    "https://esm.sh/motion@11.18.2/denonext/dist/es/framer-motion/dist/es/utils/use-instant-transition-state.mjs": "6c89536683eddd485fff1b9f4998e2b786793b14965e4d97b19f851d613dccf9",
    "https://esm.sh/motion@11.18.2/denonext/dist/es/framer-motion/dist/es/utils/velocity-per-second.mjs": "2647e54ff6490f2229d808ec03404072906fe7adf3db57728a9d469e2db7a8f9",
    "https://esm.sh/motion@11.18.2/denonext/dist/es/framer-motion/dist/es/utils/wrap.mjs": "726a3b46c302b1021e03edc395e7d947c3984d5725d58c5eec9b24e0b04a462c",
    "https://esm.sh/motion@11.18.2/denonext/dist/es/framer-motion/dist/es/value/index.mjs": "e99ef2d8dd515bd9b68b35b30c17251b8c932067326183c30a443ac2c43ec8c4",
    "https://esm.sh/motion@11.18.2/denonext/dist/es/framer-motion/dist/es/value/types/color/hex.mjs": "2f3ffb38ef3df1b90399e4dba97efa2ac0130c35fadb0bb5cb81e3886466b736",
    "https://esm.sh/motion@11.18.2/denonext/dist/es/framer-motion/dist/es/value/types/color/hsla.mjs": "4fd2cd24bd6e2fb1adcabed075a6191ff3f30e50840adc10b60d19f13ec2f370",
    "https://esm.sh/motion@11.18.2/denonext/dist/es/framer-motion/dist/es/value/types/color/index.mjs": "ce754177b55576f3cc0c941abc68d382da4e169df15135cdab6c6e727a92f09c",
    "https://esm.sh/motion@11.18.2/denonext/dist/es/framer-motion/dist/es/value/types/color/rgba.mjs": "b86af85e49428bb91d51895e6f3fea430bbdcb546f7d4de245c03ca8be67e191",
    "https://esm.sh/motion@11.18.2/denonext/dist/es/framer-motion/dist/es/value/types/color/utils.mjs": "8da7c328c17f47032aba76fcdc68d50b1b42b773e3bca50ed0d77eb4dabecd88",
    "https://esm.sh/motion@11.18.2/denonext/dist/es/framer-motion/dist/es/value/types/complex/filter.mjs": "dc5732cd105e21be98f66658301001c2b08c89a12abf1fda359e4a2716c96b27",
    "https://esm.sh/motion@11.18.2/denonext/dist/es/framer-motion/dist/es/value/types/complex/index.mjs": "fa8be0d3c742827e12c7cee2331d295a481b4e625691ec51d7a9e78ebd75c67a",
    "https://esm.sh/motion@11.18.2/denonext/dist/es/framer-motion/dist/es/value/types/numbers/index.mjs": "badd9e3f301ace23f551c0008cf9954e2adc3d85eb144a4c4bbe9fb22f8a2279",
    "https://esm.sh/motion@11.18.2/denonext/dist/es/framer-motion/dist/es/value/types/numbers/units.mjs": "2fbdd05b1e6ee8b8121280217592321583b10b7692783764c851e91190590ae2",
    "https://esm.sh/motion@11.18.2/denonext/dist/es/framer-motion/dist/es/value/types/utils/float-regex.mjs": "d604aff467d2d4c4fa57ad770d9cb801709de431dd9e8079a64555e4ad3d3238",
    "https://esm.sh/motion@11.18.2/denonext/dist/es/framer-motion/dist/es/value/types/utils/sanitize.mjs": "9323416a5ab9543264391bc66ede3ac87e0775884af54de2628305b688f1df5b",
    "https://esm.sh/motion@11.18.2/denonext/dist/es/framer-motion/dist/es/value/use-will-change/add-will-change.mjs": "04d93d43fabf637d5b048b17ab5074bfe1f42f14a78a55d951dba78e15fcb87f",
    "https://esm.sh/motion@11.18.2/denonext/dist/es/framer-motion/dist/es/value/utils/is-motion-value.mjs": "11e19f9c18bffffe33cfbaefbef4daf64e66235f2bf997e744333a566c1ca499",
    "https://esm.sh/motion@11.18.2/denonext/dist/es/motion-dom/dist/es/animation/controls/Group.mjs": "b46e5e131315028daaf753df03bdc1f0ac976fbc0034493aa3e6b60f51474c2f",
    "https://esm.sh/motion@11.18.2/denonext/dist/es/motion-dom/dist/es/animation/generators/utils/calc-duration.mjs": "c2f75252db03f071db238c1144803c5ee174efc07089ddf588fa104178c36e7a",
    "https://esm.sh/motion@11.18.2/denonext/dist/es/motion-dom/dist/es/animation/generators/utils/create-generator-easing.mjs": "579f564b9872356839b9eb6926872483db6b95dcb478421e6c769494e0a6f08d",
    "https://esm.sh/motion@11.18.2/denonext/dist/es/motion-dom/dist/es/animation/generators/utils/is-generator.mjs": "4e0d549ca0adf2579f4df086d19c2cbab3338de8e2722654e5bdc0a80df7da7c",
    "https://esm.sh/motion@11.18.2/denonext/dist/es/motion-dom/dist/es/animation/utils/get-value-transition.mjs": "1671a7281a4143de1c011af63714c0e696d237d7edab5fd04fba042ccc8895f3",
    "https://esm.sh/motion@11.18.2/denonext/dist/es/motion-dom/dist/es/animation/waapi/utils/attach-timeline.mjs": "38e3ec06eed4b7a14435f406551a1def9023cff277a8d4747ea59930d99d1679",
    "https://esm.sh/motion@11.18.2/denonext/dist/es/motion-dom/dist/es/animation/waapi/utils/easing.mjs": "9e863da2e6214bc21971a5bdfa32ac09aefef2fcc28eb075236f5fab8e9e6ada",
    "https://esm.sh/motion@11.18.2/denonext/dist/es/motion-dom/dist/es/animation/waapi/utils/linear.mjs": "11c97e6482caabd69c408c918466e960aee31d8d2e30dd3b2f9089066d2ab996",
    "https://esm.sh/motion@11.18.2/denonext/dist/es/motion-dom/dist/es/gestures/drag/state/is-active.mjs": "1230589f23c4124f14440e4adbe9b37f9c8b4de248a65b01df3dd93646c5b2a8",
    "https://esm.sh/motion@11.18.2/denonext/dist/es/motion-dom/dist/es/utils/is-bezier-definition.mjs": "bb3c410ece12be2e03f42e191bf528ed6074dc6810bb30938884c8440a2f5f76",
    "https://esm.sh/motion@11.18.2/denonext/dist/es/motion-dom/dist/es/utils/resolve-elements.mjs": "9507648bbbbc9533ebd301965846ed5976aa7552b03d259a0593012f2e0dfe2f",
    "https://esm.sh/motion@11.18.2/denonext/dist/es/motion-dom/dist/es/utils/supports/linear-easing.mjs": "5f7ed07068cd6d4f98beb8661288645f9d5088003c53fdcd5203bc93db490950",
    "https://esm.sh/motion@11.18.2/denonext/dist/es/motion-dom/dist/es/utils/supports/scroll-timeline.mjs": "7685c744dc27db7e3bfaf1336fcb31c41d96987e14d4cec2d6a81172cc8e67fd",
    "https://esm.sh/motion@11.18.2/denonext/dist/es/motion-utils/dist/es/errors.mjs": "7c475846e1255fef71d2b0afc81ae25e812e6bd83740672d73e82b2873ff2a4b",
    "https://esm.sh/motion@11.18.2/denonext/dist/es/motion-utils/dist/es/memo.mjs": "6b8c4b1a503b6e032d9e7561ecfa01b9f3d40fccec3c646e170b7cdb9d4a0e8e",
    "https://esm.sh/motion@11.18.2/denonext/dist/es/motion-utils/dist/es/noop.mjs": "90c77f9437d00681452fa05503dc35126afc75be82b81d4dec408d3e7cd070c0",
    "https://esm.sh/motion@11.18.2/denonext/dist/es/motion-utils/dist/es/progress.mjs": "4ce3391e84c5d8a1c07207e14110c7720499626555915c90d2f6d31d7072915c",
    "https://esm.sh/motion@11.18.2/denonext/dist/es/motion-utils/dist/es/time-conversion.mjs": "4d00bde34c002bf8198a0b1509635ddc5829ba08bc2ca0fcd50c58b11f6fd901",
    "https://esm.sh/motion@11.18.2/denonext/motion.mjs": "3e30d2d634efcd3a7da21eab8bf15363d7ebfb021f5a68f1b85fd8cb28b59ca4",
    "https://esm.sh/nanostores@0.11.4": "090eb82118635dd654d2bd983741bd6dc2a809af96ea175c896da7fc1a34ebd8",
    "https://esm.sh/nanostores@0.11.4/denonext/nanostores.mjs": "0f3a82d0a93671bbb67887a02d3b1eff7fb93654add5e3d654d2278265902539",
    "https://esm.sh/preact@10.27.1": "7c7102a74853dd331525b7eb8f165714d783f2638bf7bd3f1fc9b7480cc4e1e0",
    "https://esm.sh/preact@10.27.1/denonext/hooks.mjs": "b863367befe25a10375385e3ca6b162697d3678821464fbb02e0c71f2fffd5e3",
    "https://esm.sh/preact@10.27.1/denonext/preact.mjs": "7c2bf3093184c94176c3ae4dafd0aa801cb15f37f6907779064c4190456eb9c0",
    "https://esm.sh/preact@10.27.1/hooks": "22a4babd13029422488ffe89f1fa9c82bf335f6fc8930d2707da855177b2d265",
    "https://esm.sh/suncalc@1.9.0": "c656e61c3f35d9f67f7c6ad4c5230763e440a5581ea59e319227f4ab89e474fd",
    "https://esm.sh/suncalc@1.9.0/denonext/suncalc.mjs": "fc244ac1674f9738f3dd420ede62562af498b658498bf3f495bce432c49adb10",
    "https://esm.sh/three@0.171.0": "f41f3abd21353444a8444a32c3d7ebb0cbce7481fa6d8e20da4f1695b9c0c54d",
    "https://esm.sh/three@0.171.0/denonext/build/three.core.mjs": "3d45d212539dd3d0cc29239bead9ddc7caa0e8bc54f4ce563761609436ebd837",
    "https://esm.sh/three@0.171.0/denonext/three.mjs": "ed8848bfc6a241f1b2a52a755fb274ba136de0c65cf29fdc9fd2226f22a3fd4d",
    "https://esm.sh/topojson-client@3.1.0": "e664d697a59fcfdaf0bae03ea35fef8aa44351fc02631c5ccfa9354df03fff5e",
    "https://esm.sh/topojson-client@3.1.0/denonext/topojson-client.mjs": "56ef2b146e10a1b99b0fc42f2f96bd41931d42e256efd1954724aeee505a7010"
  },
  "workspace": {
    "dependencies": [
      "jsr:@microspec/core@1.1.0"
    ],
    "packageJson": {
      "dependencies": [
        "npm:@jsr/microspec__core@1.1.0"
      ]
    }
  }
}
